
Microsoft Visual Studio Solution File, Format Version 12.00
# Visual Studio Version 17
VisualStudioVersion = 17.3.32922.545
MinimumVisualStudioVersion = 10.0.40219.1
Project("{8BC9CEB8-8B4A-11D0-8D11-00A0C91BC942}") = "D1_Watermelon", "D1_Watermelon\D1_Watermelon.vcxproj", "{FCA9D94B-29DC-4B23-B9CD-72C991C14B38}"
EndProject
Project("{8BC9CEB8-8B4A-11D0-8D11-00A0C91BC942}") = "D2_Way Too Long Words", "D2_Way Too Long Words\D2_Way Too Long Words.vcxproj", "{FF3C28BA-47FD-40D3-BD09-CA59F685EEF6}"
EndProject
Project("{8BC9CEB8-8B4A-11D0-8D11-00A0C91BC942}") = "D2_Team", "D2_Team\D2_Team.vcxproj", "{A7E5AF8C-5904-404A-9DE0-2A5F0196C443}"
EndProject
Project("{8BC9CEB8-8B4A-11D0-8D11-00A0C91BC942}") = "D2_Theatre Square", "D2_Theatre Square\D2_Theatre Square.vcxproj", "{93ADF2CD-8D5F-4C67-ADF6-B82CAECC53DA}"
EndProject
Project("{8BC9CEB8-8B4A-11D0-8D11-00A0C91BC942}") = "D2_Next Round", "D2_Next Round\D2_Next Round.vcxproj", "{B930713E-683F-4E71-8878-EF7AF0641B5E}"
EndProject
Project("{8BC9CEB8-8B4A-11D0-8D11-00A0C91BC942}") = "D2_Domino piling", "D2_Domino piling\D2_Domino piling.vcxproj", "{D674D78F-E886-48B3-9C41-3BA34C56923A}"
EndProject
Project("{8BC9CEB8-8B4A-11D0-8D11-00A0C91BC942}") = "D2_ Bit++", "D2_ Bit++\D2_ Bit++.vcxproj", "{61900797-FA62-4DA1-9243-0159B574A946}"
EndProject
Global
	GlobalSection(SolutionConfigurationPlatforms) = preSolution
		Debug|x64 = Debug|x64
		Debug|x86 = Debug|x86
		Release|x64 = Release|x64
		Release|x86 = Release|x86
	EndGlobalSection
	GlobalSection(ProjectConfigurationPlatforms) = postSolution
		{FCA9D94B-29DC-4B23-B9CD-72C991C14B38}.Debug|x64.ActiveCfg = Debug|x64
		{FCA9D94B-29DC-4B23-B9CD-72C991C14B38}.Debug|x64.Build.0 = Debug|x64
		{FCA9D94B-29DC-4B23-B9CD-72C991C14B38}.Debug|x86.ActiveCfg = Debug|Win32
		{FCA9D94B-29DC-4B23-B9CD-72C991C14B38}.Debug|x86.Build.0 = Debug|Win32
		{FCA9D94B-29DC-4B23-B9CD-72C991C14B38}.Release|x64.ActiveCfg = Release|x64
		{FCA9D94B-29DC-4B23-B9CD-72C991C14B38}.Release|x64.Build.0 = Release|x64
		{FCA9D94B-29DC-4B23-B9CD-72C991C14B38}.Release|x86.ActiveCfg = Release|Win32
		{FCA9D94B-29DC-4B23-B9CD-72C991C14B38}.Release|x86.Build.0 = Release|Win32
		{FF3C28BA-47FD-40D3-BD09-CA59F685EEF6}.Debug|x64.ActiveCfg = Debug|x64
		{FF3C28BA-47FD-40D3-BD09-CA59F685EEF6}.Debug|x64.Build.0 = Debug|x64
		{FF3C28BA-47FD-40D3-BD09-CA59F685EEF6}.Debug|x86.ActiveCfg = Debug|Win32
		{FF3C28BA-47FD-40D3-BD09-CA59F685EEF6}.Debug|x86.Build.0 = Debug|Win32
		{FF3C28BA-47FD-40D3-BD09-CA59F685EEF6}.Release|x64.ActiveCfg = Release|x64
		{FF3C28BA-47FD-40D3-BD09-CA59F685EEF6}.Release|x64.Build.0 = Release|x64
		{FF3C28BA-47FD-40D3-BD09-CA59F685EEF6}.Release|x86.ActiveCfg = Release|Win32
		{FF3C28BA-47FD-40D3-BD09-CA59F685EEF6}.Release|x86.Build.0 = Release|Win32
		{A7E5AF8C-5904-404A-9DE0-2A5F0196C443}.Debug|x64.ActiveCfg = Debug|x64
		{A7E5AF8C-5904-404A-9DE0-2A5F0196C443}.Debug|x64.Build.0 = Debug|x64
		{A7E5AF8C-5904-404A-9DE0-2A5F0196C443}.Debug|x86.ActiveCfg = Debug|Win32
		{A7E5AF8C-5904-404A-9DE0-2A5F0196C443}.Debug|x86.Build.0 = Debug|Win32
		{A7E5AF8C-5904-404A-9DE0-2A5F0196C443}.Release|x64.ActiveCfg = Release|x64
		{A7E5AF8C-5904-404A-9DE0-2A5F0196C443}.Release|x64.Build.0 = Release|x64
		{A7E5AF8C-5904-404A-9DE0-2A5F0196C443}.Release|x86.ActiveCfg = Release|Win32
		{A7E5AF8C-5904-404A-9DE0-2A5F0196C443}.Release|x86.Build.0 = Release|Win32
		{93ADF2CD-8D5F-4C67-ADF6-B82CAECC53DA}.Debug|x64.ActiveCfg = Debug|x64
		{93ADF2CD-8D5F-4C67-ADF6-B82CAECC53DA}.Debug|x64.Build.0 = Debug|x64
		{93ADF2CD-8D5F-4C67-ADF6-B82CAECC53DA}.Debug|x86.ActiveCfg = Debug|Win32
		{93ADF2CD-8D5F-4C67-ADF6-B82CAECC53DA}.Debug|x86.Build.0 = Debug|Win32
		{93ADF2CD-8D5F-4C67-ADF6-B82CAECC53DA}.Release|x64.ActiveCfg = Release|x64
		{93ADF2CD-8D5F-4C67-ADF6-B82CAECC53DA}.Release|x64.Build.0 = Release|x64
		{93ADF2CD-8D5F-4C67-ADF6-B82CAECC53DA}.Release|x86.ActiveCfg = Release|Win32
		{93ADF2CD-8D5F-4C67-ADF6-B82CAECC53DA}.Release|x86.Build.0 = Release|Win32
		{B930713E-683F-4E71-8878-EF7AF0641B5E}.Debug|x64.ActiveCfg = Debug|x64
		{B930713E-683F-4E71-8878-EF7AF0641B5E}.Debug|x64.Build.0 = Debug|x64
		{B930713E-683F-4E71-8878-EF7AF0641B5E}.Debug|x86.ActiveCfg = Debug|Win32
		{B930713E-683F-4E71-8878-EF7AF0641B5E}.Debug|x86.Build.0 = Debug|Win32
		{B930713E-683F-4E71-8878-EF7AF0641B5E}.Release|x64.ActiveCfg = Release|x64
		{B930713E-683F-4E71-8878-EF7AF0641B5E}.Release|x64.Build.0 = Release|x64
		{B930713E-683F-4E71-8878-EF7AF0641B5E}.Release|x86.ActiveCfg = Release|Win32
		{B930713E-683F-4E71-8878-EF7AF0641B5E}.Release|x86.Build.0 = Release|Win32
		{D674D78F-E886-48B3-9C41-3BA34C56923A}.Debug|x64.ActiveCfg = Debug|x64
		{D674D78F-E886-48B3-9C41-3BA34C56923A}.Debug|x64.Build.0 = Debug|x64
		{D674D78F-E886-48B3-9C41-3BA34C56923A}.Debug|x86.ActiveCfg = Debug|Win32
		{D674D78F-E886-48B3-9C41-3BA34C56923A}.Debug|x86.Build.0 = Debug|Win32
		{D674D78F-E886-48B3-9C41-3BA34C56923A}.Release|x64.ActiveCfg = Release|x64
		{D674D78F-E886-48B3-9C41-3BA34C56923A}.Release|x64.Build.0 = Release|x64
		{D674D78F-E886-48B3-9C41-3BA34C56923A}.Release|x86.ActiveCfg = Release|Win32
		{D674D78F-E886-48B3-9C41-3BA34C56923A}.Release|x86.Build.0 = Release|Win32
		{61900797-FA62-4DA1-9243-0159B574A946}.Debug|x64.ActiveCfg = Debug|x64
		{61900797-FA62-4DA1-9243-0159B574A946}.Debug|x64.Build.0 = Debug|x64
		{61900797-FA62-4DA1-9243-0159B574A946}.Debug|x86.ActiveCfg = Debug|Win32
		{61900797-FA62-4DA1-9243-0159B574A946}.Debug|x86.Build.0 = Debug|Win32
		{61900797-FA62-4DA1-9243-0159B574A946}.Release|x64.ActiveCfg = Release|x64
		{61900797-FA62-4DA1-9243-0159B574A946}.Release|x64.Build.0 = Release|x64
		{61900797-FA62-4DA1-9243-0159B574A946}.Release|x86.ActiveCfg = Release|Win32
		{61900797-FA62-4DA1-9243-0159B574A946}.Release|x86.Build.0 = Release|Win32
	EndGlobalSection
	GlobalSection(SolutionProperties) = preSolution
		HideSolutionNode = FALSE
	EndGlobalSection
	GlobalSection(ExtensibilityGlobals) = postSolution
		SolutionGuid = {78D997AB-90C6-4228-9B21-1934A9F71D40}
	EndGlobalSection
EndGlobal
